
Microsoft Visual Studio Solution File, Format Version 12.00
# Visual Studio Version 17
VisualStudioVersion = 17.7.34003.232
MinimumVisualStudioVersion = 10.0.40219.1
Project("{8BC9CEB8-8B4A-11D0-8D11-00A0C91BC942}") = "Ch1_Game_Algorithm", "Ch1_Game_Algorithm.vcxproj", "{9314F8A9-3310-49E1-81B9-454B0C31002B}"
EndProject
Project("{8BC9CEB8-8B4A-11D0-8D11-00A0C91BC942}") = "Ch2_Basic_Sorting", "..\Ch2_Basic_Sorting\Ch2_Basic_Sorting.vcxproj", "{7EBB8FA3-3C71-4409-8277-104AFA5B9D9B}"
EndProject
Project("{8BC9CEB8-8B4A-11D0-8D11-00A0C91BC942}") = "Ch3_insert_Quick_Sort", "..\Ch3_insert_Quick_Sort\Ch3_insert_Quick_Sort.vcxproj", "{DB3531B4-8994-4E06-98FB-8306807FEEF5}"
EndProject
Project("{8BC9CEB8-8B4A-11D0-8D11-00A0C91BC942}") = "Ch4_Merge_Sort", "..\Ch4_Merge_Sort\Ch4_Merge_Sort.vcxproj", "{CDB3C605-3834-4487-9F77-EE473E912C9F}"
EndProject
Project("{8BC9CEB8-8B4A-11D0-8D11-00A0C91BC942}") = "Ch5_Sort_Search", "..\Ch5_Sort_Search\Ch5_Sort_Search.vcxproj", "{DC3CB56E-42CB-42D8-82D1-7E7B90DBC7BD}"
EndProject
Project("{8BC9CEB8-8B4A-11D0-8D11-00A0C91BC942}") = "Ch6_Tree", "..\Ch6_Tree\Ch6_Tree.vcxproj", "{3F481E90-242C-4C37-9168-84375BAB6ACE}"
EndProject
Project("{8BC9CEB8-8B4A-11D0-8D11-00A0C91BC942}") = "Ch7_kthFind", "..\Ch7_kthFind\Ch7_kthFind.vcxproj", "{76C17671-71B7-43AC-BA40-8F2EEBB1FA5A}"
EndProject
Project("{8BC9CEB8-8B4A-11D0-8D11-00A0C91BC942}") = "Ch8_Heap", "..\Ch8_Heap\Ch8_Heap.vcxproj", "{ADF601CA-0F7A-4599-85EE-967286DB49B9}"
EndProject
Project("{8BC9CEB8-8B4A-11D0-8D11-00A0C91BC942}") = "Ch9_Threat_System", "..\Ch9_Threat_System\Ch9_Threat_System.vcxproj", "{03116DA8-3722-48E0-81A3-DD678C10A7F4}"
EndProject
Global
	GlobalSection(SolutionConfigurationPlatforms) = preSolution
		Debug|x64 = Debug|x64
		Debug|x86 = Debug|x86
		Release|x64 = Release|x64
		Release|x86 = Release|x86
	EndGlobalSection
	GlobalSection(ProjectConfigurationPlatforms) = postSolution
		{9314F8A9-3310-49E1-81B9-454B0C31002B}.Debug|x64.ActiveCfg = Debug|x64
		{9314F8A9-3310-49E1-81B9-454B0C31002B}.Debug|x64.Build.0 = Debug|x64
		{9314F8A9-3310-49E1-81B9-454B0C31002B}.Debug|x86.ActiveCfg = Debug|Win32
		{9314F8A9-3310-49E1-81B9-454B0C31002B}.Debug|x86.Build.0 = Debug|Win32
		{9314F8A9-3310-49E1-81B9-454B0C31002B}.Release|x64.ActiveCfg = Release|x64
		{9314F8A9-3310-49E1-81B9-454B0C31002B}.Release|x64.Build.0 = Release|x64
		{9314F8A9-3310-49E1-81B9-454B0C31002B}.Release|x86.ActiveCfg = Release|Win32
		{9314F8A9-3310-49E1-81B9-454B0C31002B}.Release|x86.Build.0 = Release|Win32
		{7EBB8FA3-3C71-4409-8277-104AFA5B9D9B}.Debug|x64.ActiveCfg = Debug|x64
		{7EBB8FA3-3C71-4409-8277-104AFA5B9D9B}.Debug|x64.Build.0 = Debug|x64
		{7EBB8FA3-3C71-4409-8277-104AFA5B9D9B}.Debug|x86.ActiveCfg = Debug|Win32
		{7EBB8FA3-3C71-4409-8277-104AFA5B9D9B}.Debug|x86.Build.0 = Debug|Win32
		{7EBB8FA3-3C71-4409-8277-104AFA5B9D9B}.Release|x64.ActiveCfg = Release|x64
		{7EBB8FA3-3C71-4409-8277-104AFA5B9D9B}.Release|x64.Build.0 = Release|x64
		{7EBB8FA3-3C71-4409-8277-104AFA5B9D9B}.Release|x86.ActiveCfg = Release|Win32
		{7EBB8FA3-3C71-4409-8277-104AFA5B9D9B}.Release|x86.Build.0 = Release|Win32
		{DB3531B4-8994-4E06-98FB-8306807FEEF5}.Debug|x64.ActiveCfg = Debug|x64
		{DB3531B4-8994-4E06-98FB-8306807FEEF5}.Debug|x64.Build.0 = Debug|x64
		{DB3531B4-8994-4E06-98FB-8306807FEEF5}.Debug|x86.ActiveCfg = Debug|Win32
		{DB3531B4-8994-4E06-98FB-8306807FEEF5}.Debug|x86.Build.0 = Debug|Win32
		{DB3531B4-8994-4E06-98FB-8306807FEEF5}.Release|x64.ActiveCfg = Release|x64
		{DB3531B4-8994-4E06-98FB-8306807FEEF5}.Release|x64.Build.0 = Release|x64
		{DB3531B4-8994-4E06-98FB-8306807FEEF5}.Release|x86.ActiveCfg = Release|Win32
		{DB3531B4-8994-4E06-98FB-8306807FEEF5}.Release|x86.Build.0 = Release|Win32
		{CDB3C605-3834-4487-9F77-EE473E912C9F}.Debug|x64.ActiveCfg = Debug|x64
		{CDB3C605-3834-4487-9F77-EE473E912C9F}.Debug|x64.Build.0 = Debug|x64
		{CDB3C605-3834-4487-9F77-EE473E912C9F}.Debug|x86.ActiveCfg = Debug|Win32
		{CDB3C605-3834-4487-9F77-EE473E912C9F}.Debug|x86.Build.0 = Debug|Win32
		{CDB3C605-3834-4487-9F77-EE473E912C9F}.Release|x64.ActiveCfg = Release|x64
		{CDB3C605-3834-4487-9F77-EE473E912C9F}.Release|x64.Build.0 = Release|x64
		{CDB3C605-3834-4487-9F77-EE473E912C9F}.Release|x86.ActiveCfg = Release|Win32
		{CDB3C605-3834-4487-9F77-EE473E912C9F}.Release|x86.Build.0 = Release|Win32
		{DC3CB56E-42CB-42D8-82D1-7E7B90DBC7BD}.Debug|x64.ActiveCfg = Debug|x64
		{DC3CB56E-42CB-42D8-82D1-7E7B90DBC7BD}.Debug|x64.Build.0 = Debug|x64
		{DC3CB56E-42CB-42D8-82D1-7E7B90DBC7BD}.Debug|x86.ActiveCfg = Debug|Win32
		{DC3CB56E-42CB-42D8-82D1-7E7B90DBC7BD}.Debug|x86.Build.0 = Debug|Win32
		{DC3CB56E-42CB-42D8-82D1-7E7B90DBC7BD}.Release|x64.ActiveCfg = Release|x64
		{DC3CB56E-42CB-42D8-82D1-7E7B90DBC7BD}.Release|x64.Build.0 = Release|x64
		{DC3CB56E-42CB-42D8-82D1-7E7B90DBC7BD}.Release|x86.ActiveCfg = Release|Win32
		{DC3CB56E-42CB-42D8-82D1-7E7B90DBC7BD}.Release|x86.Build.0 = Release|Win32
		{3F481E90-242C-4C37-9168-84375BAB6ACE}.Debug|x64.ActiveCfg = Debug|x64
		{3F481E90-242C-4C37-9168-84375BAB6ACE}.Debug|x64.Build.0 = Debug|x64
		{3F481E90-242C-4C37-9168-84375BAB6ACE}.Debug|x86.ActiveCfg = Debug|Win32
		{3F481E90-242C-4C37-9168-84375BAB6ACE}.Debug|x86.Build.0 = Debug|Win32
		{3F481E90-242C-4C37-9168-84375BAB6ACE}.Release|x64.ActiveCfg = Release|x64
		{3F481E90-242C-4C37-9168-84375BAB6ACE}.Release|x64.Build.0 = Release|x64
		{3F481E90-242C-4C37-9168-84375BAB6ACE}.Release|x86.ActiveCfg = Release|Win32
		{3F481E90-242C-4C37-9168-84375BAB6ACE}.Release|x86.Build.0 = Release|Win32
		{76C17671-71B7-43AC-BA40-8F2EEBB1FA5A}.Debug|x64.ActiveCfg = Debug|x64
		{76C17671-71B7-43AC-BA40-8F2EEBB1FA5A}.Debug|x64.Build.0 = Debug|x64
		{76C17671-71B7-43AC-BA40-8F2EEBB1FA5A}.Debug|x86.ActiveCfg = Debug|Win32
		{76C17671-71B7-43AC-BA40-8F2EEBB1FA5A}.Debug|x86.Build.0 = Debug|Win32
		{76C17671-71B7-43AC-BA40-8F2EEBB1FA5A}.Release|x64.ActiveCfg = Release|x64
		{76C17671-71B7-43AC-BA40-8F2EEBB1FA5A}.Release|x64.Build.0 = Release|x64
		{76C17671-71B7-43AC-BA40-8F2EEBB1FA5A}.Release|x86.ActiveCfg = Release|Win32
		{76C17671-71B7-43AC-BA40-8F2EEBB1FA5A}.Release|x86.Build.0 = Release|Win32
		{ADF601CA-0F7A-4599-85EE-967286DB49B9}.Debug|x64.ActiveCfg = Debug|x64
		{ADF601CA-0F7A-4599-85EE-967286DB49B9}.Debug|x64.Build.0 = Debug|x64
		{ADF601CA-0F7A-4599-85EE-967286DB49B9}.Debug|x86.ActiveCfg = Debug|Win32
		{ADF601CA-0F7A-4599-85EE-967286DB49B9}.Debug|x86.Build.0 = Debug|Win32
		{ADF601CA-0F7A-4599-85EE-967286DB49B9}.Release|x64.ActiveCfg = Release|x64
		{ADF601CA-0F7A-4599-85EE-967286DB49B9}.Release|x64.Build.0 = Release|x64
		{ADF601CA-0F7A-4599-85EE-967286DB49B9}.Release|x86.ActiveCfg = Release|Win32
		{ADF601CA-0F7A-4599-85EE-967286DB49B9}.Release|x86.Build.0 = Release|Win32
		{03116DA8-3722-48E0-81A3-DD678C10A7F4}.Debug|x64.ActiveCfg = Debug|x64
		{03116DA8-3722-48E0-81A3-DD678C10A7F4}.Debug|x64.Build.0 = Debug|x64
		{03116DA8-3722-48E0-81A3-DD678C10A7F4}.Debug|x86.ActiveCfg = Debug|Win32
		{03116DA8-3722-48E0-81A3-DD678C10A7F4}.Debug|x86.Build.0 = Debug|Win32
		{03116DA8-3722-48E0-81A3-DD678C10A7F4}.Release|x64.ActiveCfg = Release|x64
		{03116DA8-3722-48E0-81A3-DD678C10A7F4}.Release|x64.Build.0 = Release|x64
		{03116DA8-3722-48E0-81A3-DD678C10A7F4}.Release|x86.ActiveCfg = Release|Win32
		{03116DA8-3722-48E0-81A3-DD678C10A7F4}.Release|x86.Build.0 = Release|Win32
	EndGlobalSection
	GlobalSection(SolutionProperties) = preSolution
		HideSolutionNode = FALSE
	EndGlobalSection
	GlobalSection(ExtensibilityGlobals) = postSolution
		SolutionGuid = {E32D35EB-653B-4F39-B66B-4E334DA39849}
	EndGlobalSection
EndGlobal
